
Microsoft Visual Studio Solution File, Format Version 12.00
# Visual Studio Version 17
VisualStudioVersion = 17.14.36623.8
MinimumVisualStudioVersion = 10.0.40219.1
Project("{FAE04EC0-301F-11D3-BF4B-00C04F79EFBC}") = "WildcatHub", "WildcatHub\WildcatHub.csproj", "{6F14448A-B58A-40D7-B8BF-1B28C37962A8}"
EndProject
Global
	GlobalSection(SolutionConfigurationPlatforms) = preSolution
		Debug|Any CPU = Debug|Any CPU
		Debug|x64 = Debug|x64
		Debug|x86 = Debug|x86
		Release|Any CPU = Release|Any CPU
		Release|x64 = Release|x64
		Release|x86 = Release|x86
	EndGlobalSection
	GlobalSection(ProjectConfigurationPlatforms) = postSolution
		{6F14448A-B58A-40D7-B8BF-1B28C37962A8}.Debug|Any CPU.ActiveCfg = Debug|Any CPU
		{6F14448A-B58A-40D7-B8BF-1B28C37962A8}.Debug|Any CPU.Build.0 = Debug|Any CPU
		{6F14448A-B58A-40D7-B8BF-1B28C37962A8}.Debug|x64.ActiveCfg = Debug|x64
		{6F14448A-B58A-40D7-B8BF-1B28C37962A8}.Debug|x64.Build.0 = Debug|x64
		{6F14448A-B58A-40D7-B8BF-1B28C37962A8}.Debug|x86.ActiveCfg = Debug|x86
		{6F14448A-B58A-40D7-B8BF-1B28C37962A8}.Debug|x86.Build.0 = Debug|x86
		{6F14448A-B58A-40D7-B8BF-1B28C37962A8}.Release|Any CPU.ActiveCfg = Release|Any CPU
		{6F14448A-B58A-40D7-B8BF-1B28C37962A8}.Release|Any CPU.Build.0 = Release|Any CPU
		{6F14448A-B58A-40D7-B8BF-1B28C37962A8}.Release|x64.ActiveCfg = Release|x64
		{6F14448A-B58A-40D7-B8BF-1B28C37962A8}.Release|x64.Build.0 = Release|x64
		{6F14448A-B58A-40D7-B8BF-1B28C37962A8}.Release|x86.ActiveCfg = Release|x86
		{6F14448A-B58A-40D7-B8BF-1B28C37962A8}.Release|x86.Build.0 = Release|x86
	EndGlobalSection
	GlobalSection(SolutionProperties) = preSolution
		HideSolutionNode = FALSE
	EndGlobalSection
	GlobalSection(ExtensibilityGlobals) = postSolution
		SolutionGuid = {D80084AF-F986-4850-817A-0E741A667EF2}
	EndGlobalSection
EndGlobal
